
Microsoft Visual Studio Solution File, Format Version 12.00
# Visual Studio Version 17
VisualStudioVersion = 17.3.32819.101
MinimumVisualStudioVersion = 10.0.40219.1
Project("{FAE04EC0-301F-11D3-BF4B-00C04F79EFBC}") = "EmployeePayRollSystem", "EmployeePayRollSystem.csproj", "{4927BEFB-FAD5-46D9-AFCC-57DCE1D7B648}"
EndProject
Project("{FAE04EC0-301F-11D3-BF4B-00C04F79EFBC}") = "EmployeeSystemTest", "..\EmployeeSystemTest\EmployeeSystemTest.csproj", "{DE26FDA1-4016-4500-9D4D-89168FE04C3A}"
EndProject
Global
	GlobalSection(SolutionConfigurationPlatforms) = preSolution
		Debug|Any CPU = Debug|Any CPU
		Release|Any CPU = Release|Any CPU
	EndGlobalSection
	GlobalSection(ProjectConfigurationPlatforms) = postSolution
		{4927BEFB-FAD5-46D9-AFCC-57DCE1D7B648}.Debug|Any CPU.ActiveCfg = Debug|Any CPU
		{4927BEFB-FAD5-46D9-AFCC-57DCE1D7B648}.Debug|Any CPU.Build.0 = Debug|Any CPU
		{4927BEFB-FAD5-46D9-AFCC-57DCE1D7B648}.Release|Any CPU.ActiveCfg = Release|Any CPU
		{4927BEFB-FAD5-46D9-AFCC-57DCE1D7B648}.Release|Any CPU.Build.0 = Release|Any CPU
		{DE26FDA1-4016-4500-9D4D-89168FE04C3A}.Debug|Any CPU.ActiveCfg = Debug|Any CPU
		{DE26FDA1-4016-4500-9D4D-89168FE04C3A}.Debug|Any CPU.Build.0 = Debug|Any CPU
		{DE26FDA1-4016-4500-9D4D-89168FE04C3A}.Release|Any CPU.ActiveCfg = Release|Any CPU
		{DE26FDA1-4016-4500-9D4D-89168FE04C3A}.Release|Any CPU.Build.0 = Release|Any CPU
	EndGlobalSection
	GlobalSection(SolutionProperties) = preSolution
		HideSolutionNode = FALSE
	EndGlobalSection
	GlobalSection(ExtensibilityGlobals) = postSolution
		SolutionGuid = {DEB92DBB-6043-4025-B11F-E17DB7AEFABB}
	EndGlobalSection
EndGlobal
